# This file is autogenerated, do not edit; changes may be undone by the next 'dep ensure'.


[[projects]]
  digest = "1:14750a356d3d2763f9bd846d0c5c9fd0b1570756d59fbc1a80e7c1522dfb5aad"
  name = "github.com/agtorre/gocolorize"
  packages = ["."]
  pruneopts = ""
  revision = "f42b554bf7f006936130c9bb4f971afd2d87f671"
  version = "v1.0.0"

[[projects]]
  digest = "1:a4fcebba8c1b8ae25dd31f1cfa6c6ed5b1e5719ab2e9e1c18e8c98969ebde215"
  name = "github.com/inconshreveable/log15"
  packages = ["term"]
  pruneopts = ""
  revision = "67afb5ed74ec82fd7ac8f49d27c509ac6f991970"
  version = "v2.14"

[[projects]]
  digest = "1:4d0614a5d2e5e394368521b087428b2996ae95ebc4699afabc61adac9b7cec38"
  name = "github.com/klauspost/compress"
  packages = [
    "flate",
    "gzip",
    "zlib",
  ]
  pruneopts = ""
  revision = "b939724e787a27c0005cabe3f78e7ed7987ac74f"
  version = "v1.4.0"

[[projects]]
  digest = "1:f0117357f14b0a625ddbbe25e23637291ac0276402fcfd25fc447422456364ce"
  name = "github.com/klauspost/cpuid"
  packages = ["."]
  pruneopts = ""
  revision = "ae7887de9fa5d2db4eaa8174a7eff2c1ac00f2da"
  version = "v1.1"

[[projects]]
  digest = "1:9ea83adf8e96d6304f394d40436f2eb44c1dc3250d223b74088cc253a6cd0a1c"
  name = "github.com/mattn/go-colorable"
  packages = ["."]
  pruneopts = ""
  revision = "167de6bfdfba052fa6b2d3664c8f5272e23c9072"
  version = "v0.0.9"

[[projects]]
  digest = "1:3140e04675a6a91d2a20ea9d10bdadf6072085502e6def6768361260aee4b967"
  name = "github.com/mattn/go-isatty"
  packages = ["."]
  pruneopts = ""
  revision = "6ca4dbf54d38eea1a992b3c722a76a5d1c4cb25c"
  version = "v0.0.4"

[[projects]]
  digest = "1:ee9264738ae76fa3aa36d110cdfad6a630f11431ee47624348ff3d83c94decb0"
  name = "github.com/revel/cmd"
  packages = [
    "harness",
    "revel",
  ]
  pruneopts = ""
  revision = "97ec1422620f1a83cd13738708a109fe092364ca"
  version = "v0.19.0"

[[projects]]
  digest = "1:c57049f6c7e58197ec55f913cb4fcd90a5eb6ed68ff9f3dea5b05674705850e5"
  name = "github.com/revel/config"
  packages = ["."]
  pruneopts = ""
  revision = "662332b741dd464a886ab0901379c02b9bc5dc30"
  version = "v0.20.0"

[[projects]]
  branch = "master"
  digest = "1:f45f196b397a7697584d6235b8fdc129c4ab3289ac83b1746983a957a191ae21"
  name = "github.com/revel/log15"
  packages = ["."]
  pruneopts = ""
  revision = "793412a67da6f8d15fede4c38f5c66272478cb8a"

[[projects]]
  digest = "1:8640cccc233bb87bd48e377bf145dc0403c56159721a5be0c22f541f77e369b7"
  name = "github.com/revel/modules"
  packages = [
    "static",
    "static/app/controllers",
    "testrunner",
    "testrunner/app",
    "testrunner/app/controllers",
  ]
  pruneopts = ""
  revision = "f97a4d0320f4ee755526333a0286f787a5bf6d8b"
  version = "v0.19.0"

[[projects]]
  branch = "master"
  digest = "1:3873ef6b952e4e21908cb42873ece035021820914a73eabd10c54f14548223a5"
  name = "github.com/revel/pathtree"
  packages = ["."]
  pruneopts = ""
  revision = "41257a1839e945fce74afd070e02bab2ea2c776a"

[[projects]]
  digest = "1:fa9a398481eb4be66315228b2bfc3da93830d5203edd05e7fac3eaa0475b2052"
  name = "github.com/revel/revel"
  packages = [
    ".",
    "logger",
    "testing",
  ]
  pruneopts = ""
  revision = "248166bf840eab87a88d1c18309f8e174e8327ff"
  version = "v0.19.1"

[[projects]]
  branch = "master"
  digest = "1:e7817b7ae6f73d6e5535ff624c5770228781ff16249ee72845ba58018df27e3b"
  name = "github.com/xeonx/timeago"
  packages = ["."]
  pruneopts = ""
  revision = "714e6695c468c22fb6431a914d8c5f9d19fa2367"

[[projects]]
  branch = "master"
  digest = "1:08e41d63f8dac84d83797368b56cf0b339e42d0224e5e56668963c28aec95685"
  name = "golang.org/x/net"
  packages = ["websocket"]
  pruneopts = ""
  revision = "4dfa2610cdf3b287375bbba5b8f2a14d3b01d8de"

[[projects]]
  branch = "master"
  digest = "1:149a432fabebb8221a80f77731b1cd63597197ded4f14af606ebe3a0959004ec"
  name = "golang.org/x/sys"
  packages = ["unix"]
  pruneopts = ""
  revision = "e4b3c5e9061176387e7cea65e4dc5853801f3fb7"

[[projects]]
  digest = "1:eb53021a8aa3f599d29c7102e65026242bdedce998a54837dc67f14b6a97c5fd"
  name = "gopkg.in/fsnotify/fsnotify.v1"
  packages = ["."]
  pruneopts = ""
  revision = "c2828203cd70a50dcccfb2761f8b1f8ceef9a8e9"
  version = "v1.4.7"

[[projects]]
  digest = "1:11c58e19ff7ce22740423bb933f1ddca3bf575def40d5ac3437ec12871b1648b"
  name = "gopkg.in/natefinch/lumberjack.v2"
  packages = ["."]
  pruneopts = ""
  revision = "a96e63847dc3c67d17befa69c303767e2f84e54f"
  version = "v2.1"

[[projects]]
  branch = "v0"
  digest = "1:6aec919ba0088e4eb5affc6598fa9fcd9ec71d4127a19841176570a55b908384"
  name = "gopkg.in/stack.v0"
  packages = ["."]
  pruneopts = ""
  revision = "9b43fcefddd0178abdabf4d484ab0d695d0011db"

[solve-meta]
  analyzer-name = "dep"
  analyzer-version = 1
  input-imports = [
    "github.com/revel/cmd/revel",
    "github.com/revel/modules/static",
    "github.com/revel/modules/static/app/controllers",
    "github.com/revel/modules/testrunner",
    "github.com/revel/modules/testrunner/app",
    "github.com/revel/modules/testrunner/app/controllers",
    "github.com/revel/revel",
    "github.com/revel/revel/testing",
  ]
  solver-name = "gps-cdcl"
  solver-version = 1
