# This file is autogenerated, do not edit; changes may be undone by the next 'dep ensure'.


[[projects]]
  digest = "1:b5af2c54e203a2dd7b4b88e9822f51e3e2922ed4fdfb0b1c2a5246d61a3598e1"
  name = "github.com/agtorre/gocolorize"
  packages = ["."]
  pruneopts = "UT"
  revision = "f42b554bf7f006936130c9bb4f971afd2d87f671"
  version = "v1.0.0"

[[projects]]
  digest = "1:6a539f22990dee302ae4ce63f29eae68061a546c4f30d75b2c4e7266c5619ce3"
  name = "github.com/inconshreveable/log15"
  packages = ["term"]
  pruneopts = "UT"
  revision = "67afb5ed74ec82fd7ac8f49d27c509ac6f991970"
  version = "v2.14"

[[projects]]
  digest = "1:cdbed6a7b574b13bbabcd8c36c5be56d6444789bab21fcd37d39655eab0b2141"
  name = "github.com/klauspost/compress"
  packages = [
    "flate",
    "gzip",
    "zlib",
  ]
  pruneopts = "UT"
  revision = "b939724e787a27c0005cabe3f78e7ed7987ac74f"
  version = "v1.4.0"

[[projects]]
  digest = "1:4ea0668d490ca32a38366453a486e2e8c60fbdaf1f2607c96b4a093d8a5c8de7"
  name = "github.com/klauspost/cpuid"
  packages = ["."]
  pruneopts = "UT"
  revision = "ae7887de9fa5d2db4eaa8174a7eff2c1ac00f2da"
  version = "v1.1"

[[projects]]
  digest = "1:c658e84ad3916da105a761660dcaeb01e63416c8ec7bc62256a9b411a05fcd67"
  name = "github.com/mattn/go-colorable"
  packages = ["."]
  pruneopts = "UT"
  revision = "167de6bfdfba052fa6b2d3664c8f5272e23c9072"
  version = "v0.0.9"

[[projects]]
  digest = "1:0981502f9816113c9c8c4ac301583841855c8cf4da8c72f696b3ebedf6d0e4e5"
  name = "github.com/mattn/go-isatty"
  packages = ["."]
  pruneopts = "UT"
  revision = "6ca4dbf54d38eea1a992b3c722a76a5d1c4cb25c"
  version = "v0.0.4"

[[projects]]
  digest = "1:f98ca70aae7753e561be079ce1cdfc067f9953aaa642f093aae041ba77094eb9"
  name = "github.com/revel/cmd"
  packages = [
    "harness",
    "revel",
  ]
  pruneopts = "UT"
  revision = "97ec1422620f1a83cd13738708a109fe092364ca"
  version = "v0.19.0"

[[projects]]
  digest = "1:4cf28ed1408f1412f4bf6841dbb2923e0e97c1d060499ae4e7fbfdd6d95052f8"
  name = "github.com/revel/config"
  packages = ["."]
  pruneopts = "UT"
  revision = "662332b741dd464a886ab0901379c02b9bc5dc30"
  version = "v0.20.0"

[[projects]]
  branch = "master"
  digest = "1:ad5e66a907bb1fbbca353c08c40a099e96daacc5761f7dc1e3293ab64b2f3d2e"
  name = "github.com/revel/log15"
  packages = ["."]
  pruneopts = "UT"
  revision = "793412a67da6f8d15fede4c38f5c66272478cb8a"

[[projects]]
  digest = "1:e9010a487e86891934f66d44a33d32bca7384c875af21d3de9877e4e47d0bb6b"
  name = "github.com/revel/modules"
  packages = [
    "static",
    "static/app/controllers",
    "testrunner",
    "testrunner/app",
    "testrunner/app/controllers",
  ]
  pruneopts = "UT"
  revision = "f97a4d0320f4ee755526333a0286f787a5bf6d8b"
  version = "v0.19.0"

[[projects]]
  branch = "master"
  digest = "1:a0812e773563f2e41afebf582088a86b0f01eb5bd794c19ecc1bce25820b1fa2"
  name = "github.com/revel/pathtree"
  packages = ["."]
  pruneopts = "UT"
  revision = "41257a1839e945fce74afd070e02bab2ea2c776a"

[[projects]]
  digest = "1:5e8b13a1900ae8e3d45f193e4a79e5c5aabb6519a17e09848b7c5ce048e6ca68"
  name = "github.com/revel/revel"
  packages = [
    ".",
    "logger",
    "testing",
  ]
  pruneopts = "UT"
  revision = "248166bf840eab87a88d1c18309f8e174e8327ff"
  version = "v0.19.1"

[[projects]]
  branch = "master"
  digest = "1:aafbac4d92cf743e01242738f6aa09cb7aa5259d7e1221cc2c146eb99854cc8e"
  name = "github.com/xeonx/timeago"
  packages = ["."]
  pruneopts = "UT"
  revision = "714e6695c468c22fb6431a914d8c5f9d19fa2367"

[[projects]]
  branch = "master"
  digest = "1:7427036b6d926b3d1fa0773771820735b35554a98296f1074df440ee30a97296"
  name = "golang.org/x/net"
  packages = ["websocket"]
  pruneopts = "UT"
  revision = "4dfa2610cdf3b287375bbba5b8f2a14d3b01d8de"

[[projects]]
  branch = "master"
  digest = "1:e2ced6fdf654069e8713c96012275fbd245381673d53e8c8ace640b28441a28b"
  name = "golang.org/x/sys"
  packages = ["unix"]
  pruneopts = "UT"
  revision = "e4b3c5e9061176387e7cea65e4dc5853801f3fb7"

[[projects]]
  digest = "1:abeb38ade3f32a92943e5be54f55ed6d6e3b6602761d74b4aab4c9dd45c18abd"
  name = "gopkg.in/fsnotify/fsnotify.v1"
  packages = ["."]
  pruneopts = "UT"
  revision = "c2828203cd70a50dcccfb2761f8b1f8ceef9a8e9"
  version = "v1.4.7"

[[projects]]
  digest = "1:c805e517269b0ba4c21ded5836019ed7d16953d4026cb7d00041d039c7906be9"
  name = "gopkg.in/natefinch/lumberjack.v2"
  packages = ["."]
  pruneopts = "UT"
  revision = "a96e63847dc3c67d17befa69c303767e2f84e54f"
  version = "v2.1"

[[projects]]
  branch = "v0"
  digest = "1:00d2943cfcfbb3dc043f6d8586d0db5a9e8507c36429babe8d5d1af8ee43a753"
  name = "gopkg.in/stack.v0"
  packages = ["."]
  pruneopts = "UT"
  revision = "9b43fcefddd0178abdabf4d484ab0d695d0011db"

[solve-meta]
  analyzer-name = "dep"
  analyzer-version = 1
  input-imports = [
    "github.com/revel/cmd/revel",
    "github.com/revel/modules/static",
    "github.com/revel/modules/static/app/controllers",
    "github.com/revel/modules/testrunner",
    "github.com/revel/modules/testrunner/app",
    "github.com/revel/modules/testrunner/app/controllers",
    "github.com/revel/revel",
    "github.com/revel/revel/testing",
  ]
  solver-name = "gps-cdcl"
  solver-version = 1
